
Microsoft Visual Studio Solution File, Format Version 12.00
# Visual Studio 2013
VisualStudioVersion = 12.0.21005.1
MinimumVisualStudioVersion = 10.0.40219.1
Project("{FAE04EC0-301F-11D3-BF4B-00C04F79EFBC}") = "ChessClient", "ChessClient\ChessClient.csproj", "{E26709FA-55FA-4784-9FB3-D95ADF442BAE}"
EndProject
Project("{FAE04EC0-301F-11D3-BF4B-00C04F79EFBC}") = "ChessClientTests", "ChessClientTests\ChessClientTests.csproj", "{E81A797D-FBBD-4E59-93DD-39BCAE06BC9D}"
EndProject
Project("{FAE04EC0-301F-11D3-BF4B-00C04F79EFBC}") = "ChessServer", "WebApiServer\ChessServer.csproj", "{4024DE90-F97E-4ED5-93CF-7F4E2D4D62DE}"
EndProject
Project("{FAE04EC0-301F-11D3-BF4B-00C04F79EFBC}") = "ChessModel", "ChessModel\ChessModel.csproj", "{EFA6E8F2-6082-4E78-BE68-DFA21E6DF29B}"
EndProject
Project("{00D1A9C2-B5F0-4AF3-8072-F6C62B433612}") = "ChessDatabase", "ChessDatabase\ChessDatabase.sqlproj", "{64D02F4B-6B0B-416D-B34F-7FF6842159B8}"
EndProject
Global
	GlobalSection(SolutionConfigurationPlatforms) = preSolution
		Debug|Any CPU = Debug|Any CPU
		Release|Any CPU = Release|Any CPU
	EndGlobalSection
	GlobalSection(ProjectConfigurationPlatforms) = postSolution
		{E26709FA-55FA-4784-9FB3-D95ADF442BAE}.Debug|Any CPU.ActiveCfg = Debug|Any CPU
		{E26709FA-55FA-4784-9FB3-D95ADF442BAE}.Debug|Any CPU.Build.0 = Debug|Any CPU
		{E26709FA-55FA-4784-9FB3-D95ADF442BAE}.Release|Any CPU.ActiveCfg = Release|Any CPU
		{E26709FA-55FA-4784-9FB3-D95ADF442BAE}.Release|Any CPU.Build.0 = Release|Any CPU
		{E81A797D-FBBD-4E59-93DD-39BCAE06BC9D}.Debug|Any CPU.ActiveCfg = Debug|Any CPU
		{E81A797D-FBBD-4E59-93DD-39BCAE06BC9D}.Debug|Any CPU.Build.0 = Debug|Any CPU
		{E81A797D-FBBD-4E59-93DD-39BCAE06BC9D}.Release|Any CPU.ActiveCfg = Release|Any CPU
		{E81A797D-FBBD-4E59-93DD-39BCAE06BC9D}.Release|Any CPU.Build.0 = Release|Any CPU
		{4024DE90-F97E-4ED5-93CF-7F4E2D4D62DE}.Debug|Any CPU.ActiveCfg = Debug|Any CPU
		{4024DE90-F97E-4ED5-93CF-7F4E2D4D62DE}.Debug|Any CPU.Build.0 = Debug|Any CPU
		{4024DE90-F97E-4ED5-93CF-7F4E2D4D62DE}.Release|Any CPU.ActiveCfg = Release|Any CPU
		{4024DE90-F97E-4ED5-93CF-7F4E2D4D62DE}.Release|Any CPU.Build.0 = Release|Any CPU
		{EFA6E8F2-6082-4E78-BE68-DFA21E6DF29B}.Debug|Any CPU.ActiveCfg = Debug|Any CPU
		{EFA6E8F2-6082-4E78-BE68-DFA21E6DF29B}.Debug|Any CPU.Build.0 = Debug|Any CPU
		{EFA6E8F2-6082-4E78-BE68-DFA21E6DF29B}.Release|Any CPU.ActiveCfg = Release|Any CPU
		{EFA6E8F2-6082-4E78-BE68-DFA21E6DF29B}.Release|Any CPU.Build.0 = Release|Any CPU
		{64D02F4B-6B0B-416D-B34F-7FF6842159B8}.Debug|Any CPU.ActiveCfg = Debug|Any CPU
		{64D02F4B-6B0B-416D-B34F-7FF6842159B8}.Debug|Any CPU.Build.0 = Debug|Any CPU
		{64D02F4B-6B0B-416D-B34F-7FF6842159B8}.Debug|Any CPU.Deploy.0 = Debug|Any CPU
		{64D02F4B-6B0B-416D-B34F-7FF6842159B8}.Release|Any CPU.ActiveCfg = Release|Any CPU
		{64D02F4B-6B0B-416D-B34F-7FF6842159B8}.Release|Any CPU.Build.0 = Release|Any CPU
		{64D02F4B-6B0B-416D-B34F-7FF6842159B8}.Release|Any CPU.Deploy.0 = Release|Any CPU
	EndGlobalSection
	GlobalSection(SolutionProperties) = preSolution
		HideSolutionNode = FALSE
	EndGlobalSection
EndGlobal
